// !$*UTF8*$!
{
	archiveVersion = 1;
	classes = {
	};
	objectVersion = 50;
	objects = {

/* Begin PBXBuildFile section */
		0BCCA70323F82217005151BC /* AppDelegate.swift in Sources */ = {isa = PBXBuildFile; fileRef = 0BCCA70223F82217005151BC /* AppDelegate.swift */; };
		0BCCA70723F82217005151BC /* ViewController.swift in Sources */ = {isa = PBXBuildFile; fileRef = 0BCCA70623F82217005151BC /* ViewController.swift */; };
		0BCCA70A23F82217005151BC /* Main.storyboard in Resources */ = {isa = PBXBuildFile; fileRef = 0BCCA70823F82217005151BC /* Main.storyboard */; };
		0BCCA70D23F82217005151BC /* CaiassoEdit.xcdatamodeld in Sources */ = {isa = PBXBuildFile; fileRef = 0BCCA70B23F82217005151BC /* CaiassoEdit.xcdatamodeld */; };
		0BCCA70F23F82218005151BC /* Assets.xcassets in Resources */ = {isa = PBXBuildFile; fileRef = 0BCCA70E23F82218005151BC /* Assets.xcassets */; };
		0BCCA71223F82218005151BC /* LaunchScreen.storyboard in Resources */ = {isa = PBXBuildFile; fileRef = 0BCCA71023F82218005151BC /* LaunchScreen.storyboard */; };
		0BCCA71D23F82218005151BC /* CaiassoEditTests.swift in Sources */ = {isa = PBXBuildFile; fileRef = 0BCCA71C23F82218005151BC /* CaiassoEditTests.swift */; };
		0BCCA72823F82218005151BC /* CaiassoEditUITests.swift in Sources */ = {isa = PBXBuildFile; fileRef = 0BCCA72723F82218005151BC /* CaiassoEditUITests.swift */; };
		8E0F01650FAFFE9D9FA7A1B4 /* Pods_CaiassoEditTests.framework in Frameworks */ = {isa = PBXBuildFile; fileRef = 46244D8EB777D89D3C173BF4 /* Pods_CaiassoEditTests.framework */; };
		FF397A5D0CED525DB38BC3BD /* Pods_CaiassoEdit.framework in Frameworks */ = {isa = PBXBuildFile; fileRef = BA60F4B7E5C9AA12D8DC3EDA /* Pods_CaiassoEdit.framework */; };
/* End PBXBuildFile section */

/* Begin PBXContainerItemProxy section */
		0BCCA71923F82218005151BC /* PBXContainerItemProxy */ = {
			isa = PBXContainerItemProxy;
			containerPortal = 0BCCA6F723F82217005151BC /* Project object */;
			proxyType = 1;
			remoteGlobalIDString = 0BCCA6FE23F82217005151BC;
			remoteInfo = CaiassoEdit;
		};
		0BCCA72423F82218005151BC /* PBXContainerItemProxy */ = {
			isa = PBXContainerItemProxy;
			containerPortal = 0BCCA6F723F82217005151BC /* Project object */;
			proxyType = 1;
			remoteGlobalIDString = 0BCCA6FE23F82217005151BC;
			remoteInfo = CaiassoEdit;
		};
/* End PBXContainerItemProxy section */

/* Begin PBXFileReference section */
		0BCCA6FF23F82217005151BC /* CaiassoEdit.app */ = {isa = PBXFileReference; explicitFileType = wrapper.application; includeInIndex = 0; path = CaiassoEdit.app; sourceTree = BUILT_PRODUCTS_DIR; };
		0BCCA70223F82217005151BC /* AppDelegate.swift */ = {isa = PBXFileReference; lastKnownFileType = sourcecode.swift; path = AppDelegate.swift; sourceTree = "<group>"; };
		0BCCA70623F82217005151BC /* ViewController.swift */ = {isa = PBXFileReference; lastKnownFileType = sourcecode.swift; path = ViewController.swift; sourceTree = "<group>"; };
		0BCCA70923F82217005151BC /* Base */ = {isa = PBXFileReference; lastKnownFileType = file.storyboard; name = Base; path = Base.lproj/Main.storyboard; sourceTree = "<group>"; };
		0BCCA70C23F82217005151BC /* CaiassoEdit.xcdatamodel */ = {isa = PBXFileReference; lastKnownFileType = wrapper.xcdatamodel; path = CaiassoEdit.xcdatamodel; sourceTree = "<group>"; };
		0BCCA70E23F82218005151BC /* Assets.xcassets */ = {isa = PBXFileReference; lastKnownFileType = folder.assetcatalog; path = Assets.xcassets; sourceTree = "<group>"; };
		0BCCA71123F82218005151BC /* Base */ = {isa = PBXFileReference; lastKnownFileType = file.storyboard; name = Base; path = Base.lproj/LaunchScreen.storyboard; sourceTree = "<group>"; };
		0BCCA71323F82218005151BC /* Info.plist */ = {isa = PBXFileReference; lastKnownFileType = text.plist.xml; path = Info.plist; sourceTree = "<group>"; };
		0BCCA71823F82218005151BC /* CaiassoEditTests.xctest */ = {isa = PBXFileReference; explicitFileType = wrapper.cfbundle; includeInIndex = 0; path = CaiassoEditTests.xctest; sourceTree = BUILT_PRODUCTS_DIR; };
		0BCCA71C23F82218005151BC /* CaiassoEditTests.swift */ = {isa = PBXFileReference; lastKnownFileType = sourcecode.swift; path = CaiassoEditTests.swift; sourceTree = "<group>"; };
		0BCCA71E23F82218005151BC /* Info.plist */ = {isa = PBXFileReference; lastKnownFileType = text.plist.xml; path = Info.plist; sourceTree = "<group>"; };
		0BCCA72323F82218005151BC /* CaiassoEditUITests.xctest */ = {isa = PBXFileReference; explicitFileType = wrapper.cfbundle; includeInIndex = 0; path = CaiassoEditUITests.xctest; sourceTree = BUILT_PRODUCTS_DIR; };
		0BCCA72723F82218005151BC /* CaiassoEditUITests.swift */ = {isa = PBXFileReference; lastKnownFileType = sourcecode.swift; path = CaiassoEditUITests.swift; sourceTree = "<group>"; };
		0BCCA72923F82218005151BC /* Info.plist */ = {isa = PBXFileReference; lastKnownFileType = text.plist.xml; path = Info.plist; sourceTree = "<group>"; };
		1E111131369F3B3446F60748 /* Pods-CaiassoEditTests.debug.xcconfig */ = {isa = PBXFileReference; includeInIndex = 1; lastKnownFileType = text.xcconfig; name = "Pods-CaiassoEditTests.debug.xcconfig"; path = "Pods/Target Support Files/Pods-CaiassoEditTests/Pods-CaiassoEditTests.debug.xcconfig"; sourceTree = "<group>"; };
		46244D8EB777D89D3C173BF4 /* Pods_CaiassoEditTests.framework */ = {isa = PBXFileReference; explicitFileType = wrapper.framework; includeInIndex = 0; path = Pods_CaiassoEditTests.framework; sourceTree = BUILT_PRODUCTS_DIR; };
		B7F4A48D05A8A87ED1B16E05 /* Pods-CaiassoEditTests.release.xcconfig */ = {isa = PBXFileReference; includeInIndex = 1; lastKnownFileType = text.xcconfig; name = "Pods-CaiassoEditTests.release.xcconfig"; path = "Pods/Target Support Files/Pods-CaiassoEditTests/Pods-CaiassoEditTests.release.xcconfig"; sourceTree = "<group>"; };
		BA60F4B7E5C9AA12D8DC3EDA /* Pods_CaiassoEdit.framework */ = {isa = PBXFileReference; explicitFileType = wrapper.framework; includeInIndex = 0; path = Pods_CaiassoEdit.framework; sourceTree = BUILT_PRODUCTS_DIR; };
		D3CB34E85D3ABC771F14ABA9 /* Pods-CaiassoEdit.release.xcconfig */ = {isa = PBXFileReference; includeInIndex = 1; lastKnownFileType = text.xcconfig; name = "Pods-CaiassoEdit.release.xcconfig"; path = "Pods/Target Support Files/Pods-CaiassoEdit/Pods-CaiassoEdit.release.xcconfig"; sourceTree = "<group>"; };
		F4FAD333E886E83156E39BAA /* Pods-CaiassoEdit.debug.xcconfig */ = {isa = PBXFileReference; includeInIndex = 1; lastKnownFileType = text.xcconfig; name = "Pods-CaiassoEdit.debug.xcconfig"; path = "Pods/Target Support Files/Pods-CaiassoEdit/Pods-CaiassoEdit.debug.xcconfig"; sourceTree = "<group>"; };
/* End PBXFileReference section */

/* Begin PBXFrameworksBuildPhase section */
		0BCCA6FC23F82217005151BC /* Frameworks */ = {
			isa = PBXFrameworksBuildPhase;
			buildActionMask = 2147483647;
			files = (
				FF397A5D0CED525DB38BC3BD /* Pods_CaiassoEdit.framework in Frameworks */,
			);
			runOnlyForDeploymentPostprocessing = 0;
		};
		0BCCA71523F82218005151BC /* Frameworks */ = {
			isa = PBXFrameworksBuildPhase;
			buildActionMask = 2147483647;
			files = (
				8E0F01650FAFFE9D9FA7A1B4 /* Pods_CaiassoEditTests.framework in Frameworks */,
			);
			runOnlyForDeploymentPostprocessing = 0;
		};
		0BCCA72023F82218005151BC /* Frameworks */ = {
			isa = PBXFrameworksBuildPhase;
			buildActionMask = 2147483647;
			files = (
			);
			runOnlyForDeploymentPostprocessing = 0;
		};
/* End PBXFrameworksBuildPhase section */

/* Begin PBXGroup section */
		0BAA6FEF23F8291500D8208E /* AppDelegate */ = {
			isa = PBXGroup;
			children = (
				0BCCA70223F82217005151BC /* AppDelegate.swift */,
			);
			path = AppDelegate;
			sourceTree = "<group>";
		};
		0BAA6FF023F8292100D8208E /* Resources */ = {
			isa = PBXGroup;
			children = (
				0BCCA70E23F82218005151BC /* Assets.xcassets */,
				0BCCA71023F82218005151BC /* LaunchScreen.storyboard */,
				0BCCA71323F82218005151BC /* Info.plist */,
				0BCCA70B23F82217005151BC /* CaiassoEdit.xcdatamodeld */,
			);
			path = Resources;
			sourceTree = "<group>";
		};
		0BAA6FF123F8293900D8208E /* Controllers */ = {
			isa = PBXGroup;
			children = (
				0BCCA70623F82217005151BC /* ViewController.swift */,
			);
			path = Controllers;
			sourceTree = "<group>";
		};
		0BAA6FF223F8294400D8208E /* Views */ = {
			isa = PBXGroup;
			children = (
				0BAA6FF323F8295100D8208E /* Storyboards */,
			);
			path = Views;
			sourceTree = "<group>";
		};
		0BAA6FF323F8295100D8208E /* Storyboards */ = {
			isa = PBXGroup;
			children = (
				0BCCA70823F82217005151BC /* Main.storyboard */,
			);
			path = Storyboards;
			sourceTree = "<group>";
		};
		0BCCA6F623F82217005151BC = {
			isa = PBXGroup;
			children = (
				0BCCA70123F82217005151BC /* CaiassoEdit */,
				0BCCA71B23F82218005151BC /* CaiassoEditTests */,
				0BCCA72623F82218005151BC /* CaiassoEditUITests */,
				0BCCA70023F82217005151BC /* Products */,
				45146C3B97D0C9D8FA991837 /* Pods */,
				5529EF9C223FD9DC29C572AE /* Frameworks */,
			);
			sourceTree = "<group>";
		};
		0BCCA70023F82217005151BC /* Products */ = {
			isa = PBXGroup;
			children = (
				0BCCA6FF23F82217005151BC /* CaiassoEdit.app */,
				0BCCA71823F82218005151BC /* CaiassoEditTests.xctest */,
				0BCCA72323F82218005151BC /* CaiassoEditUITests.xctest */,
			);
			name = Products;
			sourceTree = "<group>";
		};
		0BCCA70123F82217005151BC /* CaiassoEdit */ = {
			isa = PBXGroup;
			children = (
				0BAA6FEF23F8291500D8208E /* AppDelegate */,
				0BAA6FF123F8293900D8208E /* Controllers */,
				0BAA6FF023F8292100D8208E /* Resources */,
				0BAA6FF223F8294400D8208E /* Views */,
			);
			path = CaiassoEdit;
			sourceTree = "<group>";
		};
		0BCCA71B23F82218005151BC /* CaiassoEditTests */ = {
			isa = PBXGroup;
			children = (
				0BCCA71C23F82218005151BC /* CaiassoEditTests.swift */,
				0BCCA71E23F82218005151BC /* Info.plist */,
			);
			path = CaiassoEditTests;
			sourceTree = "<group>";
		};
		0BCCA72623F82218005151BC /* CaiassoEditUITests */ = {
			isa = PBXGroup;
			children = (
				0BCCA72723F82218005151BC /* CaiassoEditUITests.swift */,
				0BCCA72923F82218005151BC /* Info.plist */,
			);
			path = CaiassoEditUITests;
			sourceTree = "<group>";
		};
		45146C3B97D0C9D8FA991837 /* Pods */ = {
			isa = PBXGroup;
			children = (
				F4FAD333E886E83156E39BAA /* Pods-CaiassoEdit.debug.xcconfig */,
				D3CB34E85D3ABC771F14ABA9 /* Pods-CaiassoEdit.release.xcconfig */,
				1E111131369F3B3446F60748 /* Pods-CaiassoEditTests.debug.xcconfig */,
				B7F4A48D05A8A87ED1B16E05 /* Pods-CaiassoEditTests.release.xcconfig */,
			);
			name = Pods;
			sourceTree = "<group>";
		};
		5529EF9C223FD9DC29C572AE /* Frameworks */ = {
			isa = PBXGroup;
			children = (
				BA60F4B7E5C9AA12D8DC3EDA /* Pods_CaiassoEdit.framework */,
				46244D8EB777D89D3C173BF4 /* Pods_CaiassoEditTests.framework */,
			);
			name = Frameworks;
			sourceTree = "<group>";
		};
/* End PBXGroup section */

/* Begin PBXNativeTarget section */
		0BCCA6FE23F82217005151BC /* CaiassoEdit */ = {
			isa = PBXNativeTarget;
			buildConfigurationList = 0BCCA72C23F82218005151BC /* Build configuration list for PBXNativeTarget "CaiassoEdit" */;
			buildPhases = (
				25AC7129D90EE7BA1F5B0020 /* [CP] Check Pods Manifest.lock */,
				0BCCA6FB23F82217005151BC /* Sources */,
				0BCCA6FC23F82217005151BC /* Frameworks */,
				0BCCA6FD23F82217005151BC /* Resources */,
				BA913ED69E78324BF58BAB2A /* [CP] Embed Pods Frameworks */,
			);
			buildRules = (
			);
			dependencies = (
			);
			name = CaiassoEdit;
			productName = CaiassoEdit;
			productReference = 0BCCA6FF23F82217005151BC /* CaiassoEdit.app */;
			productType = "com.apple.product-type.application";
		};
		0BCCA71723F82218005151BC /* CaiassoEditTests */ = {
			isa = PBXNativeTarget;
			buildConfigurationList = 0BCCA72F23F82218005151BC /* Build configuration list for PBXNativeTarget "CaiassoEditTests" */;
			buildPhases = (
				F7E67690008B995243D74CBD /* [CP] Check Pods Manifest.lock */,
				0BCCA71423F82218005151BC /* Sources */,
				0BCCA71523F82218005151BC /* Frameworks */,
				0BCCA71623F82218005151BC /* Resources */,
			);
			buildRules = (
			);
			dependencies = (
				0BCCA71A23F82218005151BC /* PBXTargetDependency */,
			);
			name = CaiassoEditTests;
			productName = CaiassoEditTests;
			productReference = 0BCCA71823F82218005151BC /* CaiassoEditTests.xctest */;
			productType = "com.apple.product-type.bundle.unit-test";
		};
		0BCCA72223F82218005151BC /* CaiassoEditUITests */ = {
			isa = PBXNativeTarget;
			buildConfigurationList = 0BCCA73223F82218005151BC /* Build configuration list for PBXNativeTarget "CaiassoEditUITests" */;
			buildPhases = (
				0BCCA71F23F82218005151BC /* Sources */,
				0BCCA72023F82218005151BC /* Frameworks */,
				0BCCA72123F82218005151BC /* Resources */,
			);
			buildRules = (
			);
			dependencies = (
				0BCCA72523F82218005151BC /* PBXTargetDependency */,
			);
			name = CaiassoEditUITests;
			productName = CaiassoEditUITests;
			productReference = 0BCCA72323F82218005151BC /* CaiassoEditUITests.xctest */;
			productType = "com.apple.product-type.bundle.ui-testing";
		};
/* End PBXNativeTarget section */

/* Begin PBXProject section */
		0BCCA6F723F82217005151BC /* Project object */ = {
			isa = PBXProject;
			attributes = {
				LastSwiftUpdateCheck = 1110;
				LastUpgradeCheck = 1110;
				ORGANIZATIONNAME = "Paulo Rosa";
				TargetAttributes = {
					0BCCA6FE23F82217005151BC = {
						CreatedOnToolsVersion = 11.1;
					};
					0BCCA71723F82218005151BC = {
						CreatedOnToolsVersion = 11.1;
						TestTargetID = 0BCCA6FE23F82217005151BC;
					};
					0BCCA72223F82218005151BC = {
						CreatedOnToolsVersion = 11.1;
						TestTargetID = 0BCCA6FE23F82217005151BC;
					};
				};
			};
			buildConfigurationList = 0BCCA6FA23F82217005151BC /* Build configuration list for PBXProject "CaiassoEdit" */;
			compatibilityVersion = "Xcode 9.3";
			developmentRegion = en;
			hasScannedForEncodings = 0;
			knownRegions = (
				en,
				Base,
			);
			mainGroup = 0BCCA6F623F82217005151BC;
			productRefGroup = 0BCCA70023F82217005151BC /* Products */;
			projectDirPath = "";
			projectRoot = "";
			targets = (
				0BCCA6FE23F82217005151BC /* CaiassoEdit */,
				0BCCA71723F82218005151BC /* CaiassoEditTests */,
				0BCCA72223F82218005151BC /* CaiassoEditUITests */,
			);
		};
/* End PBXProject section */

/* Begin PBXResourcesBuildPhase section */
		0BCCA6FD23F82217005151BC /* Resources */ = {
			isa = PBXResourcesBuildPhase;
			buildActionMask = 2147483647;
			files = (
				0BCCA71223F82218005151BC /* LaunchScreen.storyboard in Resources */,
				0BCCA70F23F82218005151BC /* Assets.xcassets in Resources */,
				0BCCA70A23F82217005151BC /* Main.storyboard in Resources */,
			);
			runOnlyForDeploymentPostprocessing = 0;
		};
		0BCCA71623F82218005151BC /* Resources */ = {
			isa = PBXResourcesBuildPhase;
			buildActionMask = 2147483647;
			files = (
			);
			runOnlyForDeploymentPostprocessing = 0;
		};
		0BCCA72123F82218005151BC /* Resources */ = {
			isa = PBXResourcesBuildPhase;
			buildActionMask = 2147483647;
			files = (
			);
			runOnlyForDeploymentPostprocessing = 0;
		};
/* End PBXResourcesBuildPhase section */

/* Begin PBXShellScriptBuildPhase section */
		25AC7129D90EE7BA1F5B0020 /* [CP] Check Pods Manifest.lock */ = {
			isa = PBXShellScriptBuildPhase;
			buildActionMask = 2147483647;
			files = (
			);
			inputFileListPaths = (
			);
			inputPaths = (
				"${PODS_PODFILE_DIR_PATH}/Podfile.lock",
				"${PODS_ROOT}/Manifest.lock",
			);
			name = "[CP] Check Pods Manifest.lock";
			outputFileListPaths = (
			);
			outputPaths = (
				"$(DERIVED_FILE_DIR)/Pods-CaiassoEdit-checkManifestLockResult.txt",
			);
			runOnlyForDeploymentPostprocessing = 0;
			shellPath = /bin/sh;
			shellScript = "diff \"${PODS_PODFILE_DIR_PATH}/Podfile.lock\" \"${PODS_ROOT}/Manifest.lock\" > /dev/null\nif [ $? != 0 ] ; then\n    # print error to STDERR\n    echo \"error: The sandbox is not in sync with the Podfile.lock. Run 'pod install' or update your CocoaPods installation.\" >&2\n    exit 1\nfi\n# This output is used by Xcode 'outputs' to avoid re-running this script phase.\necho \"SUCCESS\" > \"${SCRIPT_OUTPUT_FILE_0}\"\n";
			showEnvVarsInLog = 0;
		};
		BA913ED69E78324BF58BAB2A /* [CP] Embed Pods Frameworks */ = {
			isa = PBXShellScriptBuildPhase;
			buildActionMask = 2147483647;
			files = (
			);
			inputFileListPaths = (
			);
			inputPaths = (
				"${SRCROOT}/Pods/Target Support Files/Pods-CaiassoEdit/Pods-CaiassoEdit-frameworks.sh",
				"${BUILT_PRODUCTS_DIR}/Alamofire/Alamofire.framework",
				"${BUILT_PRODUCTS_DIR}/RxCocoa/RxCocoa.framework",
				"${BUILT_PRODUCTS_DIR}/RxRelay/RxRelay.framework",
				"${BUILT_PRODUCTS_DIR}/RxSwift/RxSwift.framework",
				"${BUILT_PRODUCTS_DIR}/SwiftyDropbox/SwiftyDropbox.framework",
			);
			name = "[CP] Embed Pods Frameworks";
			outputFileListPaths = (
			);
			outputPaths = (
				"${TARGET_BUILD_DIR}/${FRAMEWORKS_FOLDER_PATH}/Alamofire.framework",
				"${TARGET_BUILD_DIR}/${FRAMEWORKS_FOLDER_PATH}/RxCocoa.framework",
				"${TARGET_BUILD_DIR}/${FRAMEWORKS_FOLDER_PATH}/RxRelay.framework",
				"${TARGET_BUILD_DIR}/${FRAMEWORKS_FOLDER_PATH}/RxSwift.framework",
				"${TARGET_BUILD_DIR}/${FRAMEWORKS_FOLDER_PATH}/SwiftyDropbox.framework",
			);
			runOnlyForDeploymentPostprocessing = 0;
			shellPath = /bin/sh;
			shellScript = "\"${SRCROOT}/Pods/Target Support Files/Pods-CaiassoEdit/Pods-CaiassoEdit-frameworks.sh\"\n";
			showEnvVarsInLog = 0;
		};
		F7E67690008B995243D74CBD /* [CP] Check Pods Manifest.lock */ = {
			isa = PBXShellScriptBuildPhase;
			buildActionMask = 2147483647;
			files = (
			);
			inputFileListPaths = (
			);
			inputPaths = (
				"${PODS_PODFILE_DIR_PATH}/Podfile.lock",
				"${PODS_ROOT}/Manifest.lock",
			);
			name = "[CP] Check Pods Manifest.lock";
			outputFileListPaths = (
			);
			outputPaths = (
				"$(DERIVED_FILE_DIR)/Pods-CaiassoEditTests-checkManifestLockResult.txt",
			);
			runOnlyForDeploymentPostprocessing = 0;
			shellPath = /bin/sh;
			shellScript = "diff \"${PODS_PODFILE_DIR_PATH}/Podfile.lock\" \"${PODS_ROOT}/Manifest.lock\" > /dev/null\nif [ $? != 0 ] ; then\n    # print error to STDERR\n    echo \"error: The sandbox is not in sync with the Podfile.lock. Run 'pod install' or update your CocoaPods installation.\" >&2\n    exit 1\nfi\n# This output is used by Xcode 'outputs' to avoid re-running this script phase.\necho \"SUCCESS\" > \"${SCRIPT_OUTPUT_FILE_0}\"\n";
			showEnvVarsInLog = 0;
		};
/* End PBXShellScriptBuildPhase section */

/* Begin PBXSourcesBuildPhase section */
		0BCCA6FB23F82217005151BC /* Sources */ = {
			isa = PBXSourcesBuildPhase;
			buildActionMask = 2147483647;
			files = (
				0BCCA70723F82217005151BC /* ViewController.swift in Sources */,
				0BCCA70D23F82217005151BC /* CaiassoEdit.xcdatamodeld in Sources */,
				0BCCA70323F82217005151BC /* AppDelegate.swift in Sources */,
			);
			runOnlyForDeploymentPostprocessing = 0;
		};
		0BCCA71423F82218005151BC /* Sources */ = {
			isa = PBXSourcesBuildPhase;
			buildActionMask = 2147483647;
			files = (
				0BCCA71D23F82218005151BC /* CaiassoEditTests.swift in Sources */,
			);
			runOnlyForDeploymentPostprocessing = 0;
		};
		0BCCA71F23F82218005151BC /* Sources */ = {
			isa = PBXSourcesBuildPhase;
			buildActionMask = 2147483647;
			files = (
				0BCCA72823F82218005151BC /* CaiassoEditUITests.swift in Sources */,
			);
			runOnlyForDeploymentPostprocessing = 0;
		};
/* End PBXSourcesBuildPhase section */

/* Begin PBXTargetDependency section */
		0BCCA71A23F82218005151BC /* PBXTargetDependency */ = {
			isa = PBXTargetDependency;
			target = 0BCCA6FE23F82217005151BC /* CaiassoEdit */;
			targetProxy = 0BCCA71923F82218005151BC /* PBXContainerItemProxy */;
		};
		0BCCA72523F82218005151BC /* PBXTargetDependency */ = {
			isa = PBXTargetDependency;
			target = 0BCCA6FE23F82217005151BC /* CaiassoEdit */;
			targetProxy = 0BCCA72423F82218005151BC /* PBXContainerItemProxy */;
		};
/* End PBXTargetDependency section */

/* Begin PBXVariantGroup section */
		0BCCA70823F82217005151BC /* Main.storyboard */ = {
			isa = PBXVariantGroup;
			children = (
				0BCCA70923F82217005151BC /* Base */,
			);
			name = Main.storyboard;
			sourceTree = "<group>";
		};
		0BCCA71023F82218005151BC /* LaunchScreen.storyboard */ = {
			isa = PBXVariantGroup;
			children = (
				0BCCA71123F82218005151BC /* Base */,
			);
			name = LaunchScreen.storyboard;
			sourceTree = "<group>";
		};
/* End PBXVariantGroup section */

/* Begin XCBuildConfiguration section */
		0BCCA72A23F82218005151BC /* Debug */ = {
			isa = XCBuildConfiguration;
			buildSettings = {
				ALWAYS_SEARCH_USER_PATHS = NO;
				CLANG_ANALYZER_NONNULL = YES;
				CLANG_ANALYZER_NUMBER_OBJECT_CONVERSION = YES_AGGRESSIVE;
				CLANG_CXX_LANGUAGE_STANDARD = "gnu++14";
				CLANG_CXX_LIBRARY = "libc++";
				CLANG_ENABLE_MODULES = YES;
				CLANG_ENABLE_OBJC_ARC = YES;
				CLANG_ENABLE_OBJC_WEAK = YES;
				CLANG_WARN_BLOCK_CAPTURE_AUTORELEASING = YES;
				CLANG_WARN_BOOL_CONVERSION = YES;
				CLANG_WARN_COMMA = YES;
				CLANG_WARN_CONSTANT_CONVERSION = YES;
				CLANG_WARN_DEPRECATED_OBJC_IMPLEMENTATIONS = YES;
				CLANG_WARN_DIRECT_OBJC_ISA_USAGE = YES_ERROR;
				CLANG_WARN_DOCUMENTATION_COMMENTS = YES;
				CLANG_WARN_EMPTY_BODY = YES;
				CLANG_WARN_ENUM_CONVERSION = YES;
				CLANG_WARN_INFINITE_RECURSION = YES;
				CLANG_WARN_INT_CONVERSION = YES;
				CLANG_WARN_NON_LITERAL_NULL_CONVERSION = YES;
				CLANG_WARN_OBJC_IMPLICIT_RETAIN_SELF = YES;
				CLANG_WARN_OBJC_LITERAL_CONVERSION = YES;
				CLANG_WARN_OBJC_ROOT_CLASS = YES_ERROR;
				CLANG_WARN_RANGE_LOOP_ANALYSIS = YES;
				CLANG_WARN_STRICT_PROTOTYPES = YES;
				CLANG_WARN_SUSPICIOUS_MOVE = YES;
				CLANG_WARN_UNGUARDED_AVAILABILITY = YES_AGGRESSIVE;
				CLANG_WARN_UNREACHABLE_CODE = YES;
				CLANG_WARN__DUPLICATE_METHOD_MATCH = YES;
				COPY_PHASE_STRIP = NO;
				DEBUG_INFORMATION_FORMAT = dwarf;
				ENABLE_STRICT_OBJC_MSGSEND = YES;
				ENABLE_TESTABILITY = YES;
				GCC_C_LANGUAGE_STANDARD = gnu11;
				GCC_DYNAMIC_NO_PIC = NO;
				GCC_NO_COMMON_BLOCKS = YES;
				GCC_OPTIMIZATION_LEVEL = 0;
				GCC_PREPROCESSOR_DEFINITIONS = (
					"DEBUG=1",
					"$(inherited)",
				);
				GCC_WARN_64_TO_32_BIT_CONVERSION = YES;
				GCC_WARN_ABOUT_RETURN_TYPE = YES_ERROR;
				GCC_WARN_UNDECLARED_SELECTOR = YES;
				GCC_WARN_UNINITIALIZED_AUTOS = YES_AGGRESSIVE;
				GCC_WARN_UNUSED_FUNCTION = YES;
				GCC_WARN_UNUSED_VARIABLE = YES;
				IPHONEOS_DEPLOYMENT_TARGET = 13.1;
				MTL_ENABLE_DEBUG_INFO = INCLUDE_SOURCE;
				MTL_FAST_MATH = YES;
				ONLY_ACTIVE_ARCH = YES;
				SDKROOT = iphoneos;
				SWIFT_ACTIVE_COMPILATION_CONDITIONS = DEBUG;
				SWIFT_OPTIMIZATION_LEVEL = "-Onone";
			};
			name = Debug;
		};
		0BCCA72B23F82218005151BC /* Release */ = {
			isa = XCBuildConfiguration;
			buildSettings = {
				ALWAYS_SEARCH_USER_PATHS = NO;
				CLANG_ANALYZER_NONNULL = YES;
				CLANG_ANALYZER_NUMBER_OBJECT_CONVERSION = YES_AGGRESSIVE;
				CLANG_CXX_LANGUAGE_STANDARD = "gnu++14";
				CLANG_CXX_LIBRARY = "libc++";
				CLANG_ENABLE_MODULES = YES;
				CLANG_ENABLE_OBJC_ARC = YES;
				CLANG_ENABLE_OBJC_WEAK = YES;
				CLANG_WARN_BLOCK_CAPTURE_AUTORELEASING = YES;
				CLANG_WARN_BOOL_CONVERSION = YES;
				CLANG_WARN_COMMA = YES;
				CLANG_WARN_CONSTANT_CONVERSION = YES;
				CLANG_WARN_DEPRECATED_OBJC_IMPLEMENTATIONS = YES;
				CLANG_WARN_DIRECT_OBJC_ISA_USAGE = YES_ERROR;
				CLANG_WARN_DOCUMENTATION_COMMENTS = YES;
				CLANG_WARN_EMPTY_BODY = YES;
				CLANG_WARN_ENUM_CONVERSION = YES;
				CLANG_WARN_INFINITE_RECURSION = YES;
				CLANG_WARN_INT_CONVERSION = YES;
				CLANG_WARN_NON_LITERAL_NULL_CONVERSION = YES;
				CLANG_WARN_OBJC_IMPLICIT_RETAIN_SELF = YES;
				CLANG_WARN_OBJC_LITERAL_CONVERSION = YES;
				CLANG_WARN_OBJC_ROOT_CLASS = YES_ERROR;
				CLANG_WARN_RANGE_LOOP_ANALYSIS = YES;
				CLANG_WARN_STRICT_PROTOTYPES = YES;
				CLANG_WARN_SUSPICIOUS_MOVE = YES;
				CLANG_WARN_UNGUARDED_AVAILABILITY = YES_AGGRESSIVE;
				CLANG_WARN_UNREACHABLE_CODE = YES;
				CLANG_WARN__DUPLICATE_METHOD_MATCH = YES;
				COPY_PHASE_STRIP = NO;
				DEBUG_INFORMATION_FORMAT = "dwarf-with-dsym";
				ENABLE_NS_ASSERTIONS = NO;
				ENABLE_STRICT_OBJC_MSGSEND = YES;
				GCC_C_LANGUAGE_STANDARD = gnu11;
				GCC_NO_COMMON_BLOCKS = YES;
				GCC_WARN_64_TO_32_BIT_CONVERSION = YES;
				GCC_WARN_ABOUT_RETURN_TYPE = YES_ERROR;
				GCC_WARN_UNDECLARED_SELECTOR = YES;
				GCC_WARN_UNINITIALIZED_AUTOS = YES_AGGRESSIVE;
				GCC_WARN_UNUSED_FUNCTION = YES;
				GCC_WARN_UNUSED_VARIABLE = YES;
				IPHONEOS_DEPLOYMENT_TARGET = 13.1;
				MTL_ENABLE_DEBUG_INFO = NO;
				MTL_FAST_MATH = YES;
				SDKROOT = iphoneos;
				SWIFT_COMPILATION_MODE = wholemodule;
				SWIFT_OPTIMIZATION_LEVEL = "-O";
				VALIDATE_PRODUCT = YES;
			};
			name = Release;
		};
		0BCCA72D23F82218005151BC /* Debug */ = {
			isa = XCBuildConfiguration;
			baseConfigurationReference = F4FAD333E886E83156E39BAA /* Pods-CaiassoEdit.debug.xcconfig */;
			buildSettings = {
				ASSETCATALOG_COMPILER_APPICON_NAME = AppIcon;
				CODE_SIGN_STYLE = Automatic;
				DEVELOPMENT_TEAM = DP3A43FSN8;
				INFOPLIST_FILE = CaiassoEdit/Resources/Info.plist;
				LD_RUNPATH_SEARCH_PATHS = (
					"$(inherited)",
					"@executable_path/Frameworks",
				);
				PRODUCT_BUNDLE_IDENTIFIER = pauloleon.CaiassoEdit;
				PRODUCT_NAME = "$(TARGET_NAME)";
				SWIFT_VERSION = 5.0;
				TARGETED_DEVICE_FAMILY = "1,2";
			};
			name = Debug;
		};
		0BCCA72E23F82218005151BC /* Release */ = {
			isa = XCBuildConfiguration;
			baseConfigurationReference = D3CB34E85D3ABC771F14ABA9 /* Pods-CaiassoEdit.release.xcconfig */;
			buildSettings = {
				ASSETCATALOG_COMPILER_APPICON_NAME = AppIcon;
				CODE_SIGN_STYLE = Automatic;
				DEVELOPMENT_TEAM = DP3A43FSN8;
				INFOPLIST_FILE = CaiassoEdit/Resources/Info.plist;
				LD_RUNPATH_SEARCH_PATHS = (
					"$(inherited)",
					"@executable_path/Frameworks",
				);
				PRODUCT_BUNDLE_IDENTIFIER = pauloleon.CaiassoEdit;
				PRODUCT_NAME = "$(TARGET_NAME)";
				SWIFT_VERSION = 5.0;
				TARGETED_DEVICE_FAMILY = "1,2";
			};
			name = Release;
		};
		0BCCA73023F82218005151BC /* Debug */ = {
			isa = XCBuildConfiguration;
			baseConfigurationReference = 1E111131369F3B3446F60748 /* Pods-CaiassoEditTests.debug.xcconfig */;
			buildSettings = {
				ALWAYS_EMBED_SWIFT_STANDARD_LIBRARIES = YES;
				BUNDLE_LOADER = "$(TEST_HOST)";
				CODE_SIGN_STYLE = Automatic;
				DEVELOPMENT_TEAM = DP3A43FSN8;
				INFOPLIST_FILE = CaiassoEditTests/Info.plist;
				IPHONEOS_DEPLOYMENT_TARGET = 13.1;
				LD_RUNPATH_SEARCH_PATHS = (
					"$(inherited)",
					"@executable_path/Frameworks",
					"@loader_path/Frameworks",
				);
				PRODUCT_BUNDLE_IDENTIFIER = pauloleon.CaiassoEditTests;
				PRODUCT_NAME = "$(TARGET_NAME)";
				SWIFT_VERSION = 5.0;
				TARGETED_DEVICE_FAMILY = "1,2";
				TEST_HOST = "$(BUILT_PRODUCTS_DIR)/CaiassoEdit.app/CaiassoEdit";
			};
			name = Debug;
		};
		0BCCA73123F82218005151BC /* Release */ = {
			isa = XCBuildConfiguration;
			baseConfigurationReference = B7F4A48D05A8A87ED1B16E05 /* Pods-CaiassoEditTests.release.xcconfig */;
			buildSettings = {
				ALWAYS_EMBED_SWIFT_STANDARD_LIBRARIES = YES;
				BUNDLE_LOADER = "$(TEST_HOST)";
				CODE_SIGN_STYLE = Automatic;
				DEVELOPMENT_TEAM = DP3A43FSN8;
				INFOPLIST_FILE = CaiassoEditTests/Info.plist;
				IPHONEOS_DEPLOYMENT_TARGET = 13.1;
				LD_RUNPATH_SEARCH_PATHS = (
					"$(inherited)",
					"@executable_path/Frameworks",
					"@loader_path/Frameworks",
				);
				PRODUCT_BUNDLE_IDENTIFIER = pauloleon.CaiassoEditTests;
				PRODUCT_NAME = "$(TARGET_NAME)";
				SWIFT_VERSION = 5.0;
				TARGETED_DEVICE_FAMILY = "1,2";
				TEST_HOST = "$(BUILT_PRODUCTS_DIR)/CaiassoEdit.app/CaiassoEdit";
			};
			name = Release;
		};
		0BCCA73323F82218005151BC /* Debug */ = {
			isa = XCBuildConfiguration;
			buildSettings = {
				ALWAYS_EMBED_SWIFT_STANDARD_LIBRARIES = YES;
				CODE_SIGN_STYLE = Automatic;
				DEVELOPMENT_TEAM = DP3A43FSN8;
				INFOPLIST_FILE = CaiassoEditUITests/Info.plist;
				LD_RUNPATH_SEARCH_PATHS = (
					"$(inherited)",
					"@executable_path/Frameworks",
					"@loader_path/Frameworks",
				);
				PRODUCT_BUNDLE_IDENTIFIER = pauloleon.CaiassoEditUITests;
				PRODUCT_NAME = "$(TARGET_NAME)";
				SWIFT_VERSION = 5.0;
				TARGETED_DEVICE_FAMILY = "1,2";
				TEST_TARGET_NAME = CaiassoEdit;
			};
			name = Debug;
		};
		0BCCA73423F82218005151BC /* Release */ = {
			isa = XCBuildConfiguration;
			buildSettings = {
				ALWAYS_EMBED_SWIFT_STANDARD_LIBRARIES = YES;
				CODE_SIGN_STYLE = Automatic;
				DEVELOPMENT_TEAM = DP3A43FSN8;
				INFOPLIST_FILE = CaiassoEditUITests/Info.plist;
				LD_RUNPATH_SEARCH_PATHS = (
					"$(inherited)",
					"@executable_path/Frameworks",
					"@loader_path/Frameworks",
				);
				PRODUCT_BUNDLE_IDENTIFIER = pauloleon.CaiassoEditUITests;
				PRODUCT_NAME = "$(TARGET_NAME)";
				SWIFT_VERSION = 5.0;
				TARGETED_DEVICE_FAMILY = "1,2";
				TEST_TARGET_NAME = CaiassoEdit;
			};
			name = Release;
		};
/* End XCBuildConfiguration section */

/* Begin XCConfigurationList section */
		0BCCA6FA23F82217005151BC /* Build configuration list for PBXProject "CaiassoEdit" */ = {
			isa = XCConfigurationList;
			buildConfigurations = (
				0BCCA72A23F82218005151BC /* Debug */,
				0BCCA72B23F82218005151BC /* Release */,
			);
			defaultConfigurationIsVisible = 0;
			defaultConfigurationName = Release;
		};
		0BCCA72C23F82218005151BC /* Build configuration list for PBXNativeTarget "CaiassoEdit" */ = {
			isa = XCConfigurationList;
			buildConfigurations = (
				0BCCA72D23F82218005151BC /* Debug */,
				0BCCA72E23F82218005151BC /* Release */,
			);
			defaultConfigurationIsVisible = 0;
			defaultConfigurationName = Release;
		};
		0BCCA72F23F82218005151BC /* Build configuration list for PBXNativeTarget "CaiassoEditTests" */ = {
			isa = XCConfigurationList;
			buildConfigurations = (
				0BCCA73023F82218005151BC /* Debug */,
				0BCCA73123F82218005151BC /* Release */,
			);
			defaultConfigurationIsVisible = 0;
			defaultConfigurationName = Release;
		};
		0BCCA73223F82218005151BC /* Build configuration list for PBXNativeTarget "CaiassoEditUITests" */ = {
			isa = XCConfigurationList;
			buildConfigurations = (
				0BCCA73323F82218005151BC /* Debug */,
				0BCCA73423F82218005151BC /* Release */,
			);
			defaultConfigurationIsVisible = 0;
			defaultConfigurationName = Release;
		};
/* End XCConfigurationList section */

/* Begin XCVersionGroup section */
		0BCCA70B23F82217005151BC /* CaiassoEdit.xcdatamodeld */ = {
			isa = XCVersionGroup;
			children = (
				0BCCA70C23F82217005151BC /* CaiassoEdit.xcdatamodel */,
			);
			currentVersion = 0BCCA70C23F82217005151BC /* CaiassoEdit.xcdatamodel */;
			path = CaiassoEdit.xcdatamodeld;
			sourceTree = "<group>";
			versionGroupType = wrapper.xcdatamodel;
		};
/* End XCVersionGroup section */
	};
	rootObject = 0BCCA6F723F82217005151BC /* Project object */;
}
